{
  "name": "graph-drive-client",
  "version": "1.28.2",
  "lockfileVersion": 3,
  "requires": true,
  "packages": {
    "": {
      "name": "graph-drive-client",
      "version": "1.28.2",
      "license": "MIT",
      "dependencies": {
        "@microsoft/kiota-authentication-azure": "1.0.0-preview.96",
        "@microsoft/kiota-bundle": "1.0.0-preview.96"
      },
      "devDependencies": {
        "typescript": "^5.9.2"
      }
    },
    "node_modules/@azure/abort-controller": {
      "version": "2.1.2",
      "resolved": "https://registry.npmjs.org/@azure/abort-controller/-/abort-controller-2.1.2.tgz",
      "integrity": "sha512-nBrLsEWm4J2u5LpAPjxADTlq3trDgVZZXHNKabeXZtpq3d3AbN/KGO82R87rdDz5/lYB024rtEf10/q0urNgsA==",
      "license": "MIT",
      "dependencies": {
        "tslib": "^2.6.2"
      },
      "engines": {
        "node": ">=18.0.0"
      }
    },
    "node_modules/@azure/core-auth": {
      "version": "1.10.0",
      "resolved": "https://registry.npmjs.org/@azure/core-auth/-/core-auth-1.10.0.tgz",
      "integrity": "sha512-88Djs5vBvGbHQHf5ZZcaoNHo6Y8BKZkt3cw2iuJIQzLEgH4Ox6Tm4hjFhbqOxyYsgIG/eJbFEHpxRIfEEWv5Ow==",
      "license": "MIT",
      "dependencies": {
        "@azure/abort-controller": "^2.0.0",
        "@azure/core-util": "^1.11.0",
        "tslib": "^2.6.2"
      },
      "engines": {
        "node": ">=20.0.0"
      }
    },
    "node_modules/@azure/core-util": {
      "version": "1.13.0",
      "resolved": "https://registry.npmjs.org/@azure/core-util/-/core-util-1.13.0.tgz",
      "integrity": "sha512-o0psW8QWQ58fq3i24Q1K2XfS/jYTxr7O1HRcyUE9bV9NttLU+kYOH82Ixj8DGlMTOWgxm1Sss2QAfKK5UkSPxw==",
      "license": "MIT",
      "dependencies": {
        "@azure/abort-controller": "^2.0.0",
        "@typespec/ts-http-runtime": "^0.3.0",
        "tslib": "^2.6.2"
      },
      "engines": {
        "node": ">=20.0.0"
      }
    },
    "node_modules/@microsoft/kiota-abstractions": {
      "version": "1.0.0-preview.96",
      "resolved": "https://registry.npmjs.org/@microsoft/kiota-abstractions/-/kiota-abstractions-1.0.0-preview.96.tgz",
      "integrity": "sha512-kR7+dvMOCCG/vqvWZNkz6kGAqyhFxhR3XxbBgcTRzQkwpvQT6Age+auMEpELhylMDsS69ZUAu3JhZkk6xagF0Q==",
      "license": "MIT",
      "dependencies": {
        "@opentelemetry/api": "^1.7.0",
        "@std-uritemplate/std-uritemplate": "^2.0.0",
        "tinyduration": "^3.3.0",
        "tslib": "^2.6.2"
      }
    },
    "node_modules/@microsoft/kiota-authentication-azure": {
      "version": "1.0.0-preview.96",
      "resolved": "https://registry.npmjs.org/@microsoft/kiota-authentication-azure/-/kiota-authentication-azure-1.0.0-preview.96.tgz",
      "integrity": "sha512-Py+2zGbYr2nqG06Y/HAL4f8lqgx6OZuU5tY8d7R3A+YCiIpMyZAzWuHKGbp23q4Z/e8voknq1o2HOBiedmWplQ==",
      "license": "MIT",
      "dependencies": {
        "@azure/core-auth": "^1.5.0",
        "@microsoft/kiota-abstractions": "^1.0.0-preview.96",
        "@opentelemetry/api": "^1.7.0",
        "tslib": "^2.6.2"
      }
    },
    "node_modules/@microsoft/kiota-bundle": {
      "version": "1.0.0-preview.96",
      "resolved": "https://registry.npmjs.org/@microsoft/kiota-bundle/-/kiota-bundle-1.0.0-preview.96.tgz",
      "integrity": "sha512-eZEk7Hx2LZGx/Xza5VY5rT+7mP5BsGaA4Jyf6etra0Qnu4H/fHulgbBo31HLx37XKnhCFC8flSjWz4pzAwkaDA==",
      "license": "MIT",
      "dependencies": {
        "@microsoft/kiota-abstractions": "^1.0.0-preview.96",
        "@microsoft/kiota-http-fetchlibrary": "^1.0.0-preview.96",
        "@microsoft/kiota-serialization-form": "^1.0.0-preview.96",
        "@microsoft/kiota-serialization-json": "^1.0.0-preview.96",
        "@microsoft/kiota-serialization-multipart": "^1.0.0-preview.96",
        "@microsoft/kiota-serialization-text": "^1.0.0-preview.96"
      }
    },
    "node_modules/@microsoft/kiota-http-fetchlibrary": {
      "version": "1.0.0-preview.96",
      "resolved": "https://registry.npmjs.org/@microsoft/kiota-http-fetchlibrary/-/kiota-http-fetchlibrary-1.0.0-preview.96.tgz",
      "integrity": "sha512-1+G5Fd7Vt1jjphLev1ko0r67CEcw/oD2SCkiOwZ36xaFe/GrDXLioaZHPkFeGg/eLNB2Ydx2OamgGsweWxhpNw==",
      "license": "MIT",
      "dependencies": {
        "@microsoft/kiota-abstractions": "^1.0.0-preview.96",
        "@opentelemetry/api": "^1.7.0",
        "tslib": "^2.6.2"
      }
    },
    "node_modules/@microsoft/kiota-serialization-form": {
      "version": "1.0.0-preview.96",
      "resolved": "https://registry.npmjs.org/@microsoft/kiota-serialization-form/-/kiota-serialization-form-1.0.0-preview.96.tgz",
      "integrity": "sha512-Eqtg0cNoPRA8twB7tl7DBOEXWQCW3109JDi0pEVNs41tzca+zps4fA+Ke7Tna5qvmWKdbm6cUPUQmWLQ0X9fpA==",
      "license": "MIT",
      "dependencies": {
        "@microsoft/kiota-abstractions": "^1.0.0-preview.96",
        "tslib": "^2.6.2"
      }
    },
    "node_modules/@microsoft/kiota-serialization-json": {
      "version": "1.0.0-preview.96",
      "resolved": "https://registry.npmjs.org/@microsoft/kiota-serialization-json/-/kiota-serialization-json-1.0.0-preview.96.tgz",
      "integrity": "sha512-kK8UdT48JFznmORsKNgLNWQzG2ABmH9xhHcpAZSPltTwYJ0iUUQsr/VoORD6j5VFSqQ9Rk4lA7s1qgolqOtDIA==",
      "license": "MIT",
      "dependencies": {
        "@microsoft/kiota-abstractions": "^1.0.0-preview.96",
        "tslib": "^2.6.2"
      }
    },
    "node_modules/@microsoft/kiota-serialization-multipart": {
      "version": "1.0.0-preview.96",
      "resolved": "https://registry.npmjs.org/@microsoft/kiota-serialization-multipart/-/kiota-serialization-multipart-1.0.0-preview.96.tgz",
      "integrity": "sha512-2TUkP2dMl2/8/0zfNrPydTSXm1Cc226nsJ8Ssm7GUw4hqG9flvInHTRpykJ5CSg93eaBQur5PrrOfgXe01bhpw==",
      "license": "MIT",
      "dependencies": {
        "@microsoft/kiota-abstractions": "^1.0.0-preview.96",
        "tslib": "^2.6.2"
      }
    },
    "node_modules/@microsoft/kiota-serialization-text": {
      "version": "1.0.0-preview.96",
      "resolved": "https://registry.npmjs.org/@microsoft/kiota-serialization-text/-/kiota-serialization-text-1.0.0-preview.96.tgz",
      "integrity": "sha512-jo3jhYg+Ey5lRZk22kyGoAgA9pUPQoiCC1wGBuGDB9kzTXA/F5blRbLA1cd3Xe/e99n3/wKP+TLHL2iylg94bw==",
      "license": "MIT",
      "dependencies": {
        "@microsoft/kiota-abstractions": "^1.0.0-preview.96",
        "tslib": "^2.6.2"
      }
    },
    "node_modules/@opentelemetry/api": {
      "version": "1.9.0",
      "resolved": "https://registry.npmjs.org/@opentelemetry/api/-/api-1.9.0.tgz",
      "integrity": "sha512-3giAOQvZiH5F9bMlMiv8+GSPMeqg0dbaeo58/0SlA9sxSqZhnUtxzX9/2FzyhS9sWQf5S0GJE0AKBrFqjpeYcg==",
      "license": "Apache-2.0",
      "engines": {
        "node": ">=8.0.0"
      }
    },
    "node_modules/@std-uritemplate/std-uritemplate": {
      "version": "2.0.5",
      "resolved": "https://registry.npmjs.org/@std-uritemplate/std-uritemplate/-/std-uritemplate-2.0.5.tgz",
      "integrity": "sha512-AE3/wSo1J3UwRTN/iOopPKh7aaIjgXZYJ6UkndRL9E9nlEwknpGqGsIoIinWZXsUB6kBVsq0mxfYm4KwEr3VSQ==",
      "license": "Apache-2.0"
    },
    "node_modules/@typespec/ts-http-runtime": {
      "version": "0.3.0",
      "resolved": "https://registry.npmjs.org/@typespec/ts-http-runtime/-/ts-http-runtime-0.3.0.tgz",
      "integrity": "sha512-sOx1PKSuFwnIl7z4RN0Ls7N9AQawmR9r66eI5rFCzLDIs8HTIYrIpH9QjYWoX0lkgGrkLxXhi4QnK7MizPRrIg==",
      "license": "MIT",
      "dependencies": {
        "http-proxy-agent": "^7.0.0",
        "https-proxy-agent": "^7.0.0",
        "tslib": "^2.6.2"
      },
      "engines": {
        "node": ">=20.0.0"
      }
    },
    "node_modules/agent-base": {
      "version": "7.1.4",
      "resolved": "https://registry.npmjs.org/agent-base/-/agent-base-7.1.4.tgz",
      "integrity": "sha512-MnA+YT8fwfJPgBx3m60MNqakm30XOkyIoH1y6huTQvC0PwZG7ki8NacLBcrPbNoo8vEZy7Jpuk7+jMO+CUovTQ==",
      "license": "MIT",
      "engines": {
        "node": ">= 14"
      }
    },
    "node_modules/debug": {
      "version": "4.4.1",
      "resolved": "https://registry.npmjs.org/debug/-/debug-4.4.1.tgz",
      "integrity": "sha512-KcKCqiftBJcZr++7ykoDIEwSa3XWowTfNPo92BYxjXiyYEVrUQh2aLyhxBCwww+heortUFxEJYcRzosstTEBYQ==",
      "license": "MIT",
      "dependencies": {
        "ms": "^2.1.3"
      },
      "engines": {
        "node": ">=6.0"
      },
      "peerDependenciesMeta": {
        "supports-color": {
          "optional": true
        }
      }
    },
    "node_modules/http-proxy-agent": {
      "version": "7.0.2",
      "resolved": "https://registry.npmjs.org/http-proxy-agent/-/http-proxy-agent-7.0.2.tgz",
      "integrity": "sha512-T1gkAiYYDWYx3V5Bmyu7HcfcvL7mUrTWiM6yOfa3PIphViJ/gFPbvidQ+veqSOHci/PxBcDabeUNCzpOODJZig==",
      "license": "MIT",
      "dependencies": {
        "agent-base": "^7.1.0",
        "debug": "^4.3.4"
      },
      "engines": {
        "node": ">= 14"
      }
    },
    "node_modules/https-proxy-agent": {
      "version": "7.0.6",
      "resolved": "https://registry.npmjs.org/https-proxy-agent/-/https-proxy-agent-7.0.6.tgz",
      "integrity": "sha512-vK9P5/iUfdl95AI+JVyUuIcVtd4ofvtrOr3HNtM2yxC9bnMbEdp3x01OhQNnjb8IJYi38VlTE3mBXwcfvywuSw==",
      "license": "MIT",
      "dependencies": {
        "agent-base": "^7.1.2",
        "debug": "4"
      },
      "engines": {
        "node": ">= 14"
      }
    },
    "node_modules/ms": {
      "version": "2.1.3",
      "resolved": "https://registry.npmjs.org/ms/-/ms-2.1.3.tgz",
      "integrity": "sha512-6FlzubTLZG3J2a/NVCAleEhjzq5oxgHyaCU9yYXvcLsvoVaHJq/s5xXI6/XXP6tz7R9xAOtHnSO/tXtF3WRTlA==",
      "license": "MIT"
    },
    "node_modules/tinyduration": {
      "version": "3.4.1",
      "resolved": "https://registry.npmjs.org/tinyduration/-/tinyduration-3.4.1.tgz",
      "integrity": "sha512-NemFoamVYn7TmtwZKZ3OiliM9fZkr6EWiTM+wKknco6POSy2gS689xx/pXip0JYp40HXpUw6k65CUYHWYUXdaA==",
      "license": "MIT"
    },
    "node_modules/tslib": {
      "version": "2.8.1",
      "resolved": "https://registry.npmjs.org/tslib/-/tslib-2.8.1.tgz",
      "integrity": "sha512-oJFu94HQb+KVduSUQL7wnpmqnfmLsOA/nAh6b6EH0wCEoK0/mPeXU6c3wKDV83MkOuHPRHtSXKKU99IBazS/2w==",
      "license": "0BSD"
    },
    "node_modules/typescript": {
      "version": "5.9.2",
      "resolved": "https://registry.npmjs.org/typescript/-/typescript-5.9.2.tgz",
      "integrity": "sha512-CWBzXQrc/qOkhidw1OzBTQuYRbfyxDXJMVJ1XNwUHGROVmuaeiEm3OslpZ1RV96d7SKKjZKrSJu3+t/xlw3R9A==",
      "dev": true,
      "license": "Apache-2.0",
      "bin": {
        "tsc": "bin/tsc",
        "tsserver": "bin/tsserver"
      },
      "engines": {
        "node": ">=14.17"
      }
    }
  }
}
