{
  "name": "graph-drive-client",
  "version": "1.15.0",
  "lockfileVersion": 3,
  "requires": true,
  "packages": {
    "": {
      "name": "graph-drive-client",
      "version": "1.15.0",
      "license": "MIT",
      "dependencies": {
        "@microsoft/kiota-abstractions": "1.0.0-preview.54",
        "@microsoft/kiota-authentication-azure": "1.0.0-preview.49",
        "@microsoft/kiota-http-fetchlibrary": "1.0.0-preview.53",
        "@microsoft/kiota-serialization-form": "1.0.0-preview.43",
        "@microsoft/kiota-serialization-json": "1.0.0-preview.54",
        "@microsoft/kiota-serialization-multipart": "1.0.0-preview.32",
        "@microsoft/kiota-serialization-text": "1.0.0-preview.51"
      },
      "devDependencies": {
        "typescript": "^5.4.5"
      }
    },
    "node_modules/@azure/abort-controller": {
      "version": "2.1.2",
      "resolved": "https://registry.npmjs.org/@azure/abort-controller/-/abort-controller-2.1.2.tgz",
      "integrity": "sha512-nBrLsEWm4J2u5LpAPjxADTlq3trDgVZZXHNKabeXZtpq3d3AbN/KGO82R87rdDz5/lYB024rtEf10/q0urNgsA==",
      "dependencies": {
        "tslib": "^2.6.2"
      },
      "engines": {
        "node": ">=18.0.0"
      }
    },
    "node_modules/@azure/core-auth": {
      "version": "1.7.2",
      "resolved": "https://registry.npmjs.org/@azure/core-auth/-/core-auth-1.7.2.tgz",
      "integrity": "sha512-Igm/S3fDYmnMq1uKS38Ae1/m37B3zigdlZw+kocwEhh5GjyKjPrXKO2J6rzpC1wAxrNil/jX9BJRqBshyjnF3g==",
      "dependencies": {
        "@azure/abort-controller": "^2.0.0",
        "@azure/core-util": "^1.1.0",
        "tslib": "^2.6.2"
      },
      "engines": {
        "node": ">=18.0.0"
      }
    },
    "node_modules/@azure/core-util": {
      "version": "1.9.0",
      "resolved": "https://registry.npmjs.org/@azure/core-util/-/core-util-1.9.0.tgz",
      "integrity": "sha512-AfalUQ1ZppaKuxPPMsFEUdX6GZPB3d9paR9d/TTL7Ow2De8cJaC7ibi7kWVlFAVPCYo31OcnGymc0R89DX8Oaw==",
      "dependencies": {
        "@azure/abort-controller": "^2.0.0",
        "tslib": "^2.6.2"
      },
      "engines": {
        "node": ">=18.0.0"
      }
    },
    "node_modules/@microsoft/kiota-abstractions": {
      "version": "1.0.0-preview.54",
      "resolved": "https://registry.npmjs.org/@microsoft/kiota-abstractions/-/kiota-abstractions-1.0.0-preview.54.tgz",
      "integrity": "sha512-UgcbDJEYtFO4KYlOfuWbO2zkfu6rKcCw//j1hCj+QS/QwuUfq2Ov82/fw+waKsIyVsL0QTWhXO5HhNH03A5cIA==",
      "license": "MIT",
      "dependencies": {
        "@opentelemetry/api": "^1.7.0",
        "@std-uritemplate/std-uritemplate": "^0.0.57",
        "guid-typescript": "^1.0.9",
        "tinyduration": "^3.3.0",
        "tslib": "^2.6.2",
        "uuid": "^9.0.1"
      }
    },
    "node_modules/@microsoft/kiota-authentication-azure": {
      "version": "1.0.0-preview.49",
      "resolved": "https://registry.npmjs.org/@microsoft/kiota-authentication-azure/-/kiota-authentication-azure-1.0.0-preview.49.tgz",
      "integrity": "sha512-T7xhxJWcYT8YXM8fSr9F3peA2WsqDYNfzyw/v+4ps8PMyVzkXXAhRwEDId9HCXHnJ8vhcMCXjGeXIBU9oOawsA==",
      "license": "MIT",
      "dependencies": {
        "@azure/core-auth": "^1.5.0",
        "@microsoft/kiota-abstractions": "*",
        "@opentelemetry/api": "^1.7.0",
        "tslib": "^2.6.2"
      }
    },
    "node_modules/@microsoft/kiota-http-fetchlibrary": {
      "version": "1.0.0-preview.53",
      "resolved": "https://registry.npmjs.org/@microsoft/kiota-http-fetchlibrary/-/kiota-http-fetchlibrary-1.0.0-preview.53.tgz",
      "integrity": "sha512-k0sqe1/Q74WiUfNeDMttiyzS6z7OvxGPZzJdKFODIdzmuyyLkiLS6pfMdVH/BQeK2fMeWwBmlF+N1cs81S4Kew==",
      "license": "MIT",
      "dependencies": {
        "@microsoft/kiota-abstractions": "*",
        "@opentelemetry/api": "^1.7.0",
        "guid-typescript": "^1.0.9",
        "tslib": "^2.6.2"
      }
    },
    "node_modules/@microsoft/kiota-serialization-form": {
      "version": "1.0.0-preview.43",
      "resolved": "https://registry.npmjs.org/@microsoft/kiota-serialization-form/-/kiota-serialization-form-1.0.0-preview.43.tgz",
      "integrity": "sha512-9s+0l3J7fQbqJLF9BlrLZwaHkQw0wIgxBQn2XHWmqsh62staCl6re3c7P3M+4MO6YCaqWqkTbEUbF7QK0Ztusg==",
      "license": "MIT",
      "dependencies": {
        "@microsoft/kiota-abstractions": "*",
        "guid-typescript": "^1.0.9",
        "tslib": "^2.6.2"
      }
    },
    "node_modules/@microsoft/kiota-serialization-json": {
      "version": "1.0.0-preview.54",
      "resolved": "https://registry.npmjs.org/@microsoft/kiota-serialization-json/-/kiota-serialization-json-1.0.0-preview.54.tgz",
      "integrity": "sha512-JqN+jvSE4IC47I3ARRfVsgYk4qgiq7ZKV/js7ng0xtzEdLMkbh0aK0/Hul6cvvAM05BG18Yc8+4LdpMDuE4XOw==",
      "license": "MIT",
      "dependencies": {
        "@microsoft/kiota-abstractions": "*",
        "guid-typescript": "^1.0.9",
        "tslib": "^2.6.2"
      }
    },
    "node_modules/@microsoft/kiota-serialization-multipart": {
      "version": "1.0.0-preview.32",
      "resolved": "https://registry.npmjs.org/@microsoft/kiota-serialization-multipart/-/kiota-serialization-multipart-1.0.0-preview.32.tgz",
      "integrity": "sha512-6z08fSCM9tPQvKNaUPdoWsh6P8q8uh4jEQbsA9CjW8lJ0xUn5NSaMiBcZEr3bELG91QXPdd1Y9N4NdiBJ55BnA==",
      "license": "MIT",
      "dependencies": {
        "@microsoft/kiota-abstractions": "*",
        "guid-typescript": "^1.0.9",
        "tslib": "^2.6.2"
      }
    },
    "node_modules/@microsoft/kiota-serialization-text": {
      "version": "1.0.0-preview.51",
      "resolved": "https://registry.npmjs.org/@microsoft/kiota-serialization-text/-/kiota-serialization-text-1.0.0-preview.51.tgz",
      "integrity": "sha512-O4WeoU2cSnFb2Wdsoiw7o1LUgCzw7bSRKp3AHjTwLIM8HIdR5lE+3K33yPT36kCUQ7GRzb+QLzWCn2FcVpGhcg==",
      "license": "MIT",
      "dependencies": {
        "@microsoft/kiota-abstractions": "*",
        "guid-typescript": "^1.0.9",
        "tslib": "^2.6.2"
      }
    },
    "node_modules/@opentelemetry/api": {
      "version": "1.8.0",
      "resolved": "https://registry.npmjs.org/@opentelemetry/api/-/api-1.8.0.tgz",
      "integrity": "sha512-I/s6F7yKUDdtMsoBWXJe8Qz40Tui5vsuKCWJEWVL+5q9sSWRzzx6v2KeNsOBEwd94j0eWkpWCH4yB6rZg9Mf0w==",
      "engines": {
        "node": ">=8.0.0"
      }
    },
    "node_modules/@std-uritemplate/std-uritemplate": {
      "version": "0.0.57",
      "resolved": "https://registry.npmjs.org/@std-uritemplate/std-uritemplate/-/std-uritemplate-0.0.57.tgz",
      "integrity": "sha512-tl79y8TIh4Wc1gar9Cv5cnTls7IY1EDSuiI/gM0kShAj2HcyukilPu2ppFIosgBNItTuE+5N5TZzVFu6tBCaDw=="
    },
    "node_modules/guid-typescript": {
      "version": "1.0.9",
      "resolved": "https://registry.npmjs.org/guid-typescript/-/guid-typescript-1.0.9.tgz",
      "integrity": "sha512-Y8T4vYhEfwJOTbouREvG+3XDsjr8E3kIr7uf+JZ0BYloFsttiHU0WfvANVsR7TxNUJa/WpCnw/Ino/p+DeBhBQ=="
    },
    "node_modules/tinyduration": {
      "version": "3.3.0",
      "resolved": "https://registry.npmjs.org/tinyduration/-/tinyduration-3.3.0.tgz",
      "integrity": "sha512-sLR0iVUnnnyGEX/a3jhTA0QMK7UvakBqQJFLiibiuEYL6U1L85W+qApTZj6DcL1uoWQntYuL0gExoe9NU5B3PA=="
    },
    "node_modules/tslib": {
      "version": "2.6.2",
      "resolved": "https://registry.npmjs.org/tslib/-/tslib-2.6.2.tgz",
      "integrity": "sha512-AEYxH93jGFPn/a2iVAwW87VuUIkR1FVUKB77NwMF7nBTDkDrrT/Hpt/IrCJ0QXhW27jTBDcf5ZY7w6RiqTMw2Q=="
    },
    "node_modules/typescript": {
      "version": "5.4.5",
      "resolved": "https://registry.npmjs.org/typescript/-/typescript-5.4.5.tgz",
      "integrity": "sha512-vcI4UpRgg81oIRUFwR0WSIHKt11nJ7SAVlYNIu+QpqeyXP+gpQJy/Z4+F0aGxSE4MqwjyXvW/TzgkLAx2AGHwQ==",
      "dev": true,
      "bin": {
        "tsc": "bin/tsc",
        "tsserver": "bin/tsserver"
      },
      "engines": {
        "node": ">=14.17"
      }
    },
    "node_modules/uuid": {
      "version": "9.0.1",
      "resolved": "https://registry.npmjs.org/uuid/-/uuid-9.0.1.tgz",
      "integrity": "sha512-b+1eJOlsR9K8HJpow9Ok3fiWOWSIcIzXodvv0rQjVoOVNpWMpxf1wZNpt4y9h10odCNrqnYp1OBzRktckBe3sA==",
      "funding": [
        "https://github.com/sponsors/broofa",
        "https://github.com/sponsors/ctavan"
      ],
      "bin": {
        "uuid": "dist/bin/uuid"
      }
    }
  }
}
